
Microsoft Visual Studio Solution File, Format Version 12.00
# Visual Studio Version 17
VisualStudioVersion = 17.2.32616.157
MinimumVisualStudioVersion = 10.0.40219.1
Project("{FAE04EC0-301F-11D3-BF4B-00C04F79EFBC}") = "LearningChat", "LearningChat\LearningChat.csproj", "{0838C2FC-0A5F-425D-B519-891F4BE9402D}"
EndProject
Global
	GlobalSection(SolutionConfigurationPlatforms) = preSolution
		Debug|Any CPU = Debug|Any CPU
		Release|Any CPU = Release|Any CPU
	EndGlobalSection
	GlobalSection(ProjectConfigurationPlatforms) = postSolution
		{0838C2FC-0A5F-425D-B519-891F4BE9402D}.Debug|Any CPU.ActiveCfg = Debug|Any CPU
		{0838C2FC-0A5F-425D-B519-891F4BE9402D}.Debug|Any CPU.Build.0 = Debug|Any CPU
		{0838C2FC-0A5F-425D-B519-891F4BE9402D}.Release|Any CPU.ActiveCfg = Release|Any CPU
		{0838C2FC-0A5F-425D-B519-891F4BE9402D}.Release|Any CPU.Build.0 = Release|Any CPU
	EndGlobalSection
	GlobalSection(SolutionProperties) = preSolution
		HideSolutionNode = FALSE
	EndGlobalSection
	GlobalSection(ExtensibilityGlobals) = postSolution
		SolutionGuid = {7B200DD0-780B-4605-8200-AAF2EF616474}
	EndGlobalSection
EndGlobal
